uuid: 5e8a3179-e542-485d-a87c-a54c4ca665b8
langcode: en
status: true
dependencies:
  config:
    - views.view.google_analytics_reports_page
  module:
    - views
  theme:
    - mytheme
id: views_block__google_analytics_reports_page_block
theme: mytheme
region: sidebar_first
weight: -11
provider: null
plugin: 'views_block:google_analytics_reports_page-block'
settings:
  id: 'views_block:google_analytics_reports_page-block'
  label: ''
  provider: views
  label_display: visible
  views_label: ''
  items_per_page: none
visibility: {  }
